
Microsoft Visual Studio Solution File, Format Version 12.00
# Visual Studio Version 17
VisualStudioVersion = 17.1.32421.90
MinimumVisualStudioVersion = 10.0.40219.1
Project("{9A19103F-16F7-4668-BE54-9A1E7A4F7556}") = "BlazorRays", "BlazorRays\BlazorRays.csproj", "{A897FF26-2596-4BB1-9CC7-1AFA70261894}"
EndProject
Project("{9A19103F-16F7-4668-BE54-9A1E7A4F7556}") = "ConsoleRays", "ConsoleRays\ConsoleRays.csproj", "{F376D5EA-FD15-4920-A589-72A61BCB9749}"
EndProject
Project("{9A19103F-16F7-4668-BE54-9A1E7A4F7556}") = "Rays", "Rays\Rays.csproj", "{B90B64C2-E5AB-454A-8524-13FEC86B317D}"
EndProject
Project("{9A19103F-16F7-4668-BE54-9A1E7A4F7556}") = "Rays.Tests", "Rays.Tests\Rays.Tests.csproj", "{974CE4F3-8CD4-45E6-B192-9E2689160162}"
EndProject
Project("{9A19103F-16F7-4668-BE54-9A1E7A4F7556}") = "Rays.Scenes", "Rays.Scenes\Rays.Scenes.csproj", "{A9DF331A-6517-4E01-9B7A-D5D575A6E2D6}"
EndProject
Project("{9A19103F-16F7-4668-BE54-9A1E7A4F7556}") = "Rays.GeometryLoaders", "Rays.GeometryLoaders\Rays.GeometryLoaders.csproj", "{A6B11D91-DF17-465A-B2E8-4835D66DE8AC}"
EndProject
Project("{9A19103F-16F7-4668-BE54-9A1E7A4F7556}") = "Rays.GeometryLoaders.Tests", "Rays.GeometryLoaders.Tests\Rays.GeometryLoaders.Tests.csproj", "{14382F65-CB06-481D-B4D8-BA2E03311CA5}"
EndProject
Project("{9A19103F-16F7-4668-BE54-9A1E7A4F7556}") = "WorkProgress", "WorkProgress\WorkProgress.csproj", "{09C31F06-EDA2-4127-B4A9-CD1535462883}"
EndProject
Project("{9A19103F-16F7-4668-BE54-9A1E7A4F7556}") = "Clustering", "Clustering\Clustering.csproj", "{57ECA07F-F629-4491-9130-3EF40D6E05CE}"
EndProject
Global
	GlobalSection(SolutionConfigurationPlatforms) = preSolution
		Debug|Any CPU = Debug|Any CPU
		Release|Any CPU = Release|Any CPU
	EndGlobalSection
	GlobalSection(ProjectConfigurationPlatforms) = postSolution
		{A897FF26-2596-4BB1-9CC7-1AFA70261894}.Debug|Any CPU.ActiveCfg = Debug|Any CPU
		{A897FF26-2596-4BB1-9CC7-1AFA70261894}.Debug|Any CPU.Build.0 = Debug|Any CPU
		{A897FF26-2596-4BB1-9CC7-1AFA70261894}.Release|Any CPU.ActiveCfg = Release|Any CPU
		{A897FF26-2596-4BB1-9CC7-1AFA70261894}.Release|Any CPU.Build.0 = Release|Any CPU
		{F376D5EA-FD15-4920-A589-72A61BCB9749}.Debug|Any CPU.ActiveCfg = Debug|Any CPU
		{F376D5EA-FD15-4920-A589-72A61BCB9749}.Debug|Any CPU.Build.0 = Debug|Any CPU
		{F376D5EA-FD15-4920-A589-72A61BCB9749}.Release|Any CPU.ActiveCfg = Release|Any CPU
		{F376D5EA-FD15-4920-A589-72A61BCB9749}.Release|Any CPU.Build.0 = Release|Any CPU
		{B90B64C2-E5AB-454A-8524-13FEC86B317D}.Debug|Any CPU.ActiveCfg = Debug|Any CPU
		{B90B64C2-E5AB-454A-8524-13FEC86B317D}.Debug|Any CPU.Build.0 = Debug|Any CPU
		{B90B64C2-E5AB-454A-8524-13FEC86B317D}.Release|Any CPU.ActiveCfg = Release|Any CPU
		{B90B64C2-E5AB-454A-8524-13FEC86B317D}.Release|Any CPU.Build.0 = Release|Any CPU
		{974CE4F3-8CD4-45E6-B192-9E2689160162}.Debug|Any CPU.ActiveCfg = Debug|Any CPU
		{974CE4F3-8CD4-45E6-B192-9E2689160162}.Debug|Any CPU.Build.0 = Debug|Any CPU
		{974CE4F3-8CD4-45E6-B192-9E2689160162}.Release|Any CPU.ActiveCfg = Release|Any CPU
		{974CE4F3-8CD4-45E6-B192-9E2689160162}.Release|Any CPU.Build.0 = Release|Any CPU
		{A9DF331A-6517-4E01-9B7A-D5D575A6E2D6}.Debug|Any CPU.ActiveCfg = Debug|Any CPU
		{A9DF331A-6517-4E01-9B7A-D5D575A6E2D6}.Debug|Any CPU.Build.0 = Debug|Any CPU
		{A9DF331A-6517-4E01-9B7A-D5D575A6E2D6}.Release|Any CPU.ActiveCfg = Release|Any CPU
		{A9DF331A-6517-4E01-9B7A-D5D575A6E2D6}.Release|Any CPU.Build.0 = Release|Any CPU
		{A6B11D91-DF17-465A-B2E8-4835D66DE8AC}.Debug|Any CPU.ActiveCfg = Debug|Any CPU
		{A6B11D91-DF17-465A-B2E8-4835D66DE8AC}.Debug|Any CPU.Build.0 = Debug|Any CPU
		{A6B11D91-DF17-465A-B2E8-4835D66DE8AC}.Release|Any CPU.ActiveCfg = Release|Any CPU
		{A6B11D91-DF17-465A-B2E8-4835D66DE8AC}.Release|Any CPU.Build.0 = Release|Any CPU
		{14382F65-CB06-481D-B4D8-BA2E03311CA5}.Debug|Any CPU.ActiveCfg = Debug|Any CPU
		{14382F65-CB06-481D-B4D8-BA2E03311CA5}.Debug|Any CPU.Build.0 = Debug|Any CPU
		{14382F65-CB06-481D-B4D8-BA2E03311CA5}.Release|Any CPU.ActiveCfg = Release|Any CPU
		{14382F65-CB06-481D-B4D8-BA2E03311CA5}.Release|Any CPU.Build.0 = Release|Any CPU
		{09C31F06-EDA2-4127-B4A9-CD1535462883}.Debug|Any CPU.ActiveCfg = Debug|Any CPU
		{09C31F06-EDA2-4127-B4A9-CD1535462883}.Debug|Any CPU.Build.0 = Debug|Any CPU
		{09C31F06-EDA2-4127-B4A9-CD1535462883}.Release|Any CPU.ActiveCfg = Release|Any CPU
		{09C31F06-EDA2-4127-B4A9-CD1535462883}.Release|Any CPU.Build.0 = Release|Any CPU
		{57ECA07F-F629-4491-9130-3EF40D6E05CE}.Debug|Any CPU.ActiveCfg = Debug|Any CPU
		{57ECA07F-F629-4491-9130-3EF40D6E05CE}.Debug|Any CPU.Build.0 = Debug|Any CPU
		{57ECA07F-F629-4491-9130-3EF40D6E05CE}.Release|Any CPU.ActiveCfg = Release|Any CPU
		{57ECA07F-F629-4491-9130-3EF40D6E05CE}.Release|Any CPU.Build.0 = Release|Any CPU
	EndGlobalSection
	GlobalSection(SolutionProperties) = preSolution
		HideSolutionNode = FALSE
	EndGlobalSection
	GlobalSection(ExtensibilityGlobals) = postSolution
		SolutionGuid = {4BEF3A30-1E7C-4863-87B9-CF162DA6EC39}
	EndGlobalSection
EndGlobal
